
Microsoft Visual Studio Solution File, Format Version 12.00
# Visual Studio Version 16
VisualStudioVersion = 16.0.29306.81
MinimumVisualStudioVersion = 10.0.40219.1
Project("{8BC9CEB8-8B4A-11D0-8D11-00A0C91BC942}") = "MailCpp", "MailCpp.vcxproj", "{277A5EC6-18FB-45BC-8A0B-BFA937ACEAFD}"
EndProject
Global
	GlobalSection(SolutionConfigurationPlatforms) = preSolution
		Debug|x64 = Debug|x64
		Debug|x86 = Debug|x86
		Release|x64 = Release|x64
		Release|x86 = Release|x86
	EndGlobalSection
	GlobalSection(ProjectConfigurationPlatforms) = postSolution
		{277A5EC6-18FB-45BC-8A0B-BFA937ACEAFD}.Debug|x64.ActiveCfg = Debug|x64
		{277A5EC6-18FB-45BC-8A0B-BFA937ACEAFD}.Debug|x64.Build.0 = Debug|x64
		{277A5EC6-18FB-45BC-8A0B-BFA937ACEAFD}.Debug|x86.ActiveCfg = Debug|Win32
		{277A5EC6-18FB-45BC-8A0B-BFA937ACEAFD}.Debug|x86.Build.0 = Debug|Win32
		{277A5EC6-18FB-45BC-8A0B-BFA937ACEAFD}.Release|x64.ActiveCfg = Release|x64
		{277A5EC6-18FB-45BC-8A0B-BFA937ACEAFD}.Release|x64.Build.0 = Release|x64
		{277A5EC6-18FB-45BC-8A0B-BFA937ACEAFD}.Release|x86.ActiveCfg = Release|Win32
		{277A5EC6-18FB-45BC-8A0B-BFA937ACEAFD}.Release|x86.Build.0 = Release|Win32
	EndGlobalSection
	GlobalSection(SolutionProperties) = preSolution
		HideSolutionNode = FALSE
	EndGlobalSection
	GlobalSection(ExtensibilityGlobals) = postSolution
		SolutionGuid = {F6DA87E3-5C6A-45B9-B1B9-196A3DBB0A5F}
	EndGlobalSection
EndGlobal
